
Microsoft Visual Studio Solution File, Format Version 12.00
# Visual Studio 15
VisualStudioVersion = 15.0.28307.489
MinimumVisualStudioVersion = 10.0.40219.1
Project("{FAE04EC0-301F-11D3-BF4B-00C04F79EFBC}") = "BoundMode_CheckBox.Android", "BoundMode_CheckBox\BoundMode_CheckBox.Android\BoundMode_CheckBox.Android.csproj", "{782280EB-9A26-4B9A-9E8E-BE1913C2F9FF}"
EndProject
Project("{FAE04EC0-301F-11D3-BF4B-00C04F79EFBC}") = "BoundMode_CheckBox.iOS", "BoundMode_CheckBox\BoundMode_CheckBox.iOS\BoundMode_CheckBox.iOS.csproj", "{159E139C-BD09-4AEE-B85B-D375EACFA582}"
EndProject
Project("{FAE04EC0-301F-11D3-BF4B-00C04F79EFBC}") = "BoundMode_CheckBox.UWP", "BoundMode_CheckBox\BoundMode_CheckBox.UWP\BoundMode_CheckBox.UWP.csproj", "{FF15C40D-B80A-4542-9679-0E66EE5301CE}"
EndProject
Project("{FAE04EC0-301F-11D3-BF4B-00C04F79EFBC}") = "BoundMode_CheckBox", "BoundMode_CheckBox\BoundMode_CheckBox\BoundMode_CheckBox.csproj", "{0AA62B9C-D923-46DD-8E29-FA6D05BF5ABE}"
EndProject
Global
	GlobalSection(SolutionConfigurationPlatforms) = preSolution
		Ad-Hoc|Any CPU = Ad-Hoc|Any CPU
		Ad-Hoc|ARM = Ad-Hoc|ARM
		Ad-Hoc|iPhone = Ad-Hoc|iPhone
		Ad-Hoc|iPhoneSimulator = Ad-Hoc|iPhoneSimulator
		Ad-Hoc|x64 = Ad-Hoc|x64
		Ad-Hoc|x86 = Ad-Hoc|x86
		AppStore|Any CPU = AppStore|Any CPU
		AppStore|ARM = AppStore|ARM
		AppStore|iPhone = AppStore|iPhone
		AppStore|iPhoneSimulator = AppStore|iPhoneSimulator
		AppStore|x64 = AppStore|x64
		AppStore|x86 = AppStore|x86
		Debug|Any CPU = Debug|Any CPU
		Debug|ARM = Debug|ARM
		Debug|iPhone = Debug|iPhone
		Debug|iPhoneSimulator = Debug|iPhoneSimulator
		Debug|x64 = Debug|x64
		Debug|x86 = Debug|x86
		Release|Any CPU = Release|Any CPU
		Release|ARM = Release|ARM
		Release|iPhone = Release|iPhone
		Release|iPhoneSimulator = Release|iPhoneSimulator
		Release|x64 = Release|x64
		Release|x86 = Release|x86
	EndGlobalSection
	GlobalSection(ProjectConfigurationPlatforms) = postSolution
		{782280EB-9A26-4B9A-9E8E-BE1913C2F9FF}.Ad-Hoc|Any CPU.ActiveCfg = Release|Any CPU
		{782280EB-9A26-4B9A-9E8E-BE1913C2F9FF}.Ad-Hoc|Any CPU.Build.0 = Release|Any CPU
		{782280EB-9A26-4B9A-9E8E-BE1913C2F9FF}.Ad-Hoc|Any CPU.Deploy.0 = Release|Any CPU
		{782280EB-9A26-4B9A-9E8E-BE1913C2F9FF}.Ad-Hoc|ARM.ActiveCfg = Release|Any CPU
		{782280EB-9A26-4B9A-9E8E-BE1913C2F9FF}.Ad-Hoc|ARM.Build.0 = Release|Any CPU
		{782280EB-9A26-4B9A-9E8E-BE1913C2F9FF}.Ad-Hoc|ARM.Deploy.0 = Release|Any CPU
		{782280EB-9A26-4B9A-9E8E-BE1913C2F9FF}.Ad-Hoc|iPhone.ActiveCfg = Release|Any CPU
		{782280EB-9A26-4B9A-9E8E-BE1913C2F9FF}.Ad-Hoc|iPhone.Build.0 = Release|Any CPU
		{782280EB-9A26-4B9A-9E8E-BE1913C2F9FF}.Ad-Hoc|iPhone.Deploy.0 = Release|Any CPU
		{782280EB-9A26-4B9A-9E8E-BE1913C2F9FF}.Ad-Hoc|iPhoneSimulator.ActiveCfg = Release|Any CPU
		{782280EB-9A26-4B9A-9E8E-BE1913C2F9FF}.Ad-Hoc|iPhoneSimulator.Build.0 = Release|Any CPU
		{782280EB-9A26-4B9A-9E8E-BE1913C2F9FF}.Ad-Hoc|iPhoneSimulator.Deploy.0 = Release|Any CPU
		{782280EB-9A26-4B9A-9E8E-BE1913C2F9FF}.Ad-Hoc|x64.ActiveCfg = Release|Any CPU
		{782280EB-9A26-4B9A-9E8E-BE1913C2F9FF}.Ad-Hoc|x64.Build.0 = Release|Any CPU
		{782280EB-9A26-4B9A-9E8E-BE1913C2F9FF}.Ad-Hoc|x64.Deploy.0 = Release|Any CPU
		{782280EB-9A26-4B9A-9E8E-BE1913C2F9FF}.Ad-Hoc|x86.ActiveCfg = Release|Any CPU
		{782280EB-9A26-4B9A-9E8E-BE1913C2F9FF}.Ad-Hoc|x86.Build.0 = Release|Any CPU
		{782280EB-9A26-4B9A-9E8E-BE1913C2F9FF}.Ad-Hoc|x86.Deploy.0 = Release|Any CPU
		{782280EB-9A26-4B9A-9E8E-BE1913C2F9FF}.AppStore|Any CPU.ActiveCfg = Release|Any CPU
		{782280EB-9A26-4B9A-9E8E-BE1913C2F9FF}.AppStore|Any CPU.Build.0 = Release|Any CPU
		{782280EB-9A26-4B9A-9E8E-BE1913C2F9FF}.AppStore|Any CPU.Deploy.0 = Release|Any CPU
		{782280EB-9A26-4B9A-9E8E-BE1913C2F9FF}.AppStore|ARM.ActiveCfg = Release|Any CPU
		{782280EB-9A26-4B9A-9E8E-BE1913C2F9FF}.AppStore|ARM.Build.0 = Release|Any CPU
		{782280EB-9A26-4B9A-9E8E-BE1913C2F9FF}.AppStore|ARM.Deploy.0 = Release|Any CPU
		{782280EB-9A26-4B9A-9E8E-BE1913C2F9FF}.AppStore|iPhone.ActiveCfg = Release|Any CPU
		{782280EB-9A26-4B9A-9E8E-BE1913C2F9FF}.AppStore|iPhone.Build.0 = Release|Any CPU
		{782280EB-9A26-4B9A-9E8E-BE1913C2F9FF}.AppStore|iPhone.Deploy.0 = Release|Any CPU
		{782280EB-9A26-4B9A-9E8E-BE1913C2F9FF}.AppStore|iPhoneSimulator.ActiveCfg = Release|Any CPU
		{782280EB-9A26-4B9A-9E8E-BE1913C2F9FF}.AppStore|iPhoneSimulator.Build.0 = Release|Any CPU
		{782280EB-9A26-4B9A-9E8E-BE1913C2F9FF}.AppStore|iPhoneSimulator.Deploy.0 = Release|Any CPU
		{782280EB-9A26-4B9A-9E8E-BE1913C2F9FF}.AppStore|x64.ActiveCfg = Release|Any CPU
		{782280EB-9A26-4B9A-9E8E-BE1913C2F9FF}.AppStore|x64.Build.0 = Release|Any CPU
		{782280EB-9A26-4B9A-9E8E-BE1913C2F9FF}.AppStore|x64.Deploy.0 = Release|Any CPU
		{782280EB-9A26-4B9A-9E8E-BE1913C2F9FF}.AppStore|x86.ActiveCfg = Release|Any CPU
		{782280EB-9A26-4B9A-9E8E-BE1913C2F9FF}.AppStore|x86.Build.0 = Release|Any CPU
		{782280EB-9A26-4B9A-9E8E-BE1913C2F9FF}.AppStore|x86.Deploy.0 = Release|Any CPU
		{782280EB-9A26-4B9A-9E8E-BE1913C2F9FF}.Debug|Any CPU.ActiveCfg = Debug|Any CPU
		{782280EB-9A26-4B9A-9E8E-BE1913C2F9FF}.Debug|Any CPU.Build.0 = Debug|Any CPU
		{782280EB-9A26-4B9A-9E8E-BE1913C2F9FF}.Debug|Any CPU.Deploy.0 = Debug|Any CPU
		{782280EB-9A26-4B9A-9E8E-BE1913C2F9FF}.Debug|ARM.ActiveCfg = Debug|Any CPU
		{782280EB-9A26-4B9A-9E8E-BE1913C2F9FF}.Debug|ARM.Build.0 = Debug|Any CPU
		{782280EB-9A26-4B9A-9E8E-BE1913C2F9FF}.Debug|ARM.Deploy.0 = Debug|Any CPU
		{782280EB-9A26-4B9A-9E8E-BE1913C2F9FF}.Debug|iPhone.ActiveCfg = Debug|Any CPU
		{782280EB-9A26-4B9A-9E8E-BE1913C2F9FF}.Debug|iPhone.Build.0 = Debug|Any CPU
		{782280EB-9A26-4B9A-9E8E-BE1913C2F9FF}.Debug|iPhone.Deploy.0 = Debug|Any CPU
		{782280EB-9A26-4B9A-9E8E-BE1913C2F9FF}.Debug|iPhoneSimulator.ActiveCfg = Debug|Any CPU
		{782280EB-9A26-4B9A-9E8E-BE1913C2F9FF}.Debug|iPhoneSimulator.Build.0 = Debug|Any CPU
		{782280EB-9A26-4B9A-9E8E-BE1913C2F9FF}.Debug|iPhoneSimulator.Deploy.0 = Debug|Any CPU
		{782280EB-9A26-4B9A-9E8E-BE1913C2F9FF}.Debug|x64.ActiveCfg = Debug|Any CPU
		{782280EB-9A26-4B9A-9E8E-BE1913C2F9FF}.Debug|x64.Build.0 = Debug|Any CPU
		{782280EB-9A26-4B9A-9E8E-BE1913C2F9FF}.Debug|x64.Deploy.0 = Debug|Any CPU
		{782280EB-9A26-4B9A-9E8E-BE1913C2F9FF}.Debug|x86.ActiveCfg = Debug|Any CPU
		{782280EB-9A26-4B9A-9E8E-BE1913C2F9FF}.Debug|x86.Build.0 = Debug|Any CPU
		{782280EB-9A26-4B9A-9E8E-BE1913C2F9FF}.Debug|x86.Deploy.0 = Debug|Any CPU
		{782280EB-9A26-4B9A-9E8E-BE1913C2F9FF}.Release|Any CPU.ActiveCfg = Release|Any CPU
		{782280EB-9A26-4B9A-9E8E-BE1913C2F9FF}.Release|Any CPU.Build.0 = Release|Any CPU
		{782280EB-9A26-4B9A-9E8E-BE1913C2F9FF}.Release|Any CPU.Deploy.0 = Release|Any CPU
		{782280EB-9A26-4B9A-9E8E-BE1913C2F9FF}.Release|ARM.ActiveCfg = Release|Any CPU
		{782280EB-9A26-4B9A-9E8E-BE1913C2F9FF}.Release|ARM.Build.0 = Release|Any CPU
		{782280EB-9A26-4B9A-9E8E-BE1913C2F9FF}.Release|ARM.Deploy.0 = Release|Any CPU
		{782280EB-9A26-4B9A-9E8E-BE1913C2F9FF}.Release|iPhone.ActiveCfg = Release|Any CPU
		{782280EB-9A26-4B9A-9E8E-BE1913C2F9FF}.Release|iPhone.Build.0 = Release|Any CPU
		{782280EB-9A26-4B9A-9E8E-BE1913C2F9FF}.Release|iPhone.Deploy.0 = Release|Any CPU
		{782280EB-9A26-4B9A-9E8E-BE1913C2F9FF}.Release|iPhoneSimulator.ActiveCfg = Release|Any CPU
		{782280EB-9A26-4B9A-9E8E-BE1913C2F9FF}.Release|iPhoneSimulator.Build.0 = Release|Any CPU
		{782280EB-9A26-4B9A-9E8E-BE1913C2F9FF}.Release|iPhoneSimulator.Deploy.0 = Release|Any CPU
		{782280EB-9A26-4B9A-9E8E-BE1913C2F9FF}.Release|x64.ActiveCfg = Release|Any CPU
		{782280EB-9A26-4B9A-9E8E-BE1913C2F9FF}.Release|x64.Build.0 = Release|Any CPU
		{782280EB-9A26-4B9A-9E8E-BE1913C2F9FF}.Release|x64.Deploy.0 = Release|Any CPU
		{782280EB-9A26-4B9A-9E8E-BE1913C2F9FF}.Release|x86.ActiveCfg = Release|Any CPU
		{782280EB-9A26-4B9A-9E8E-BE1913C2F9FF}.Release|x86.Build.0 = Release|Any CPU
		{782280EB-9A26-4B9A-9E8E-BE1913C2F9FF}.Release|x86.Deploy.0 = Release|Any CPU
		{159E139C-BD09-4AEE-B85B-D375EACFA582}.Ad-Hoc|Any CPU.ActiveCfg = Ad-Hoc|iPhone
		{159E139C-BD09-4AEE-B85B-D375EACFA582}.Ad-Hoc|Any CPU.Build.0 = Ad-Hoc|iPhone
		{159E139C-BD09-4AEE-B85B-D375EACFA582}.Ad-Hoc|Any CPU.Deploy.0 = Ad-Hoc|iPhone
		{159E139C-BD09-4AEE-B85B-D375EACFA582}.Ad-Hoc|ARM.ActiveCfg = Ad-Hoc|iPhone
		{159E139C-BD09-4AEE-B85B-D375EACFA582}.Ad-Hoc|ARM.Build.0 = Ad-Hoc|iPhone
		{159E139C-BD09-4AEE-B85B-D375EACFA582}.Ad-Hoc|ARM.Deploy.0 = Ad-Hoc|iPhone
		{159E139C-BD09-4AEE-B85B-D375EACFA582}.Ad-Hoc|iPhone.ActiveCfg = Ad-Hoc|iPhone
		{159E139C-BD09-4AEE-B85B-D375EACFA582}.Ad-Hoc|iPhone.Build.0 = Ad-Hoc|iPhone
		{159E139C-BD09-4AEE-B85B-D375EACFA582}.Ad-Hoc|iPhone.Deploy.0 = Ad-Hoc|iPhone
		{159E139C-BD09-4AEE-B85B-D375EACFA582}.Ad-Hoc|iPhoneSimulator.ActiveCfg = Ad-Hoc|iPhoneSimulator
		{159E139C-BD09-4AEE-B85B-D375EACFA582}.Ad-Hoc|iPhoneSimulator.Build.0 = Ad-Hoc|iPhoneSimulator
		{159E139C-BD09-4AEE-B85B-D375EACFA582}.Ad-Hoc|iPhoneSimulator.Deploy.0 = Ad-Hoc|iPhoneSimulator
		{159E139C-BD09-4AEE-B85B-D375EACFA582}.Ad-Hoc|x64.ActiveCfg = Ad-Hoc|iPhone
		{159E139C-BD09-4AEE-B85B-D375EACFA582}.Ad-Hoc|x64.Build.0 = Ad-Hoc|iPhone
		{159E139C-BD09-4AEE-B85B-D375EACFA582}.Ad-Hoc|x64.Deploy.0 = Ad-Hoc|iPhone
		{159E139C-BD09-4AEE-B85B-D375EACFA582}.Ad-Hoc|x86.ActiveCfg = Ad-Hoc|iPhone
		{159E139C-BD09-4AEE-B85B-D375EACFA582}.Ad-Hoc|x86.Build.0 = Ad-Hoc|iPhone
		{159E139C-BD09-4AEE-B85B-D375EACFA582}.Ad-Hoc|x86.Deploy.0 = Ad-Hoc|iPhone
		{159E139C-BD09-4AEE-B85B-D375EACFA582}.AppStore|Any CPU.ActiveCfg = AppStore|iPhone
		{159E139C-BD09-4AEE-B85B-D375EACFA582}.AppStore|Any CPU.Build.0 = AppStore|iPhone
		{159E139C-BD09-4AEE-B85B-D375EACFA582}.AppStore|Any CPU.Deploy.0 = AppStore|iPhone
		{159E139C-BD09-4AEE-B85B-D375EACFA582}.AppStore|ARM.ActiveCfg = AppStore|iPhone
		{159E139C-BD09-4AEE-B85B-D375EACFA582}.AppStore|ARM.Build.0 = AppStore|iPhone
		{159E139C-BD09-4AEE-B85B-D375EACFA582}.AppStore|ARM.Deploy.0 = AppStore|iPhone
		{159E139C-BD09-4AEE-B85B-D375EACFA582}.AppStore|iPhone.ActiveCfg = AppStore|iPhone
		{159E139C-BD09-4AEE-B85B-D375EACFA582}.AppStore|iPhone.Build.0 = AppStore|iPhone
		{159E139C-BD09-4AEE-B85B-D375EACFA582}.AppStore|iPhone.Deploy.0 = AppStore|iPhone
		{159E139C-BD09-4AEE-B85B-D375EACFA582}.AppStore|iPhoneSimulator.ActiveCfg = AppStore|iPhoneSimulator
		{159E139C-BD09-4AEE-B85B-D375EACFA582}.AppStore|iPhoneSimulator.Build.0 = AppStore|iPhoneSimulator
		{159E139C-BD09-4AEE-B85B-D375EACFA582}.AppStore|iPhoneSimulator.Deploy.0 = AppStore|iPhoneSimulator
		{159E139C-BD09-4AEE-B85B-D375EACFA582}.AppStore|x64.ActiveCfg = AppStore|iPhone
		{159E139C-BD09-4AEE-B85B-D375EACFA582}.AppStore|x64.Build.0 = AppStore|iPhone
		{159E139C-BD09-4AEE-B85B-D375EACFA582}.AppStore|x64.Deploy.0 = AppStore|iPhone
		{159E139C-BD09-4AEE-B85B-D375EACFA582}.AppStore|x86.ActiveCfg = AppStore|iPhone
		{159E139C-BD09-4AEE-B85B-D375EACFA582}.AppStore|x86.Build.0 = AppStore|iPhone
		{159E139C-BD09-4AEE-B85B-D375EACFA582}.AppStore|x86.Deploy.0 = AppStore|iPhone
		{159E139C-BD09-4AEE-B85B-D375EACFA582}.Debug|Any CPU.ActiveCfg = Debug|iPhoneSimulator
		{159E139C-BD09-4AEE-B85B-D375EACFA582}.Debug|Any CPU.Build.0 = Debug|iPhoneSimulator
		{159E139C-BD09-4AEE-B85B-D375EACFA582}.Debug|Any CPU.Deploy.0 = Debug|iPhoneSimulator
		{159E139C-BD09-4AEE-B85B-D375EACFA582}.Debug|ARM.ActiveCfg = Debug|iPhone
		{159E139C-BD09-4AEE-B85B-D375EACFA582}.Debug|ARM.Build.0 = Debug|iPhone
		{159E139C-BD09-4AEE-B85B-D375EACFA582}.Debug|ARM.Deploy.0 = Debug|iPhone
		{159E139C-BD09-4AEE-B85B-D375EACFA582}.Debug|iPhone.ActiveCfg = Debug|iPhone
		{159E139C-BD09-4AEE-B85B-D375EACFA582}.Debug|iPhone.Build.0 = Debug|iPhone
		{159E139C-BD09-4AEE-B85B-D375EACFA582}.Debug|iPhone.Deploy.0 = Debug|iPhone
		{159E139C-BD09-4AEE-B85B-D375EACFA582}.Debug|iPhoneSimulator.ActiveCfg = Debug|iPhoneSimulator
		{159E139C-BD09-4AEE-B85B-D375EACFA582}.Debug|iPhoneSimulator.Build.0 = Debug|iPhoneSimulator
		{159E139C-BD09-4AEE-B85B-D375EACFA582}.Debug|iPhoneSimulator.Deploy.0 = Debug|iPhoneSimulator
		{159E139C-BD09-4AEE-B85B-D375EACFA582}.Debug|x64.ActiveCfg = Debug|iPhone
		{159E139C-BD09-4AEE-B85B-D375EACFA582}.Debug|x64.Build.0 = Debug|iPhone
		{159E139C-BD09-4AEE-B85B-D375EACFA582}.Debug|x64.Deploy.0 = Debug|iPhone
		{159E139C-BD09-4AEE-B85B-D375EACFA582}.Debug|x86.ActiveCfg = Debug|iPhone
		{159E139C-BD09-4AEE-B85B-D375EACFA582}.Debug|x86.Build.0 = Debug|iPhone
		{159E139C-BD09-4AEE-B85B-D375EACFA582}.Debug|x86.Deploy.0 = Debug|iPhone
		{159E139C-BD09-4AEE-B85B-D375EACFA582}.Release|Any CPU.ActiveCfg = Release|iPhone
		{159E139C-BD09-4AEE-B85B-D375EACFA582}.Release|Any CPU.Build.0 = Release|iPhone
		{159E139C-BD09-4AEE-B85B-D375EACFA582}.Release|Any CPU.Deploy.0 = Release|iPhone
		{159E139C-BD09-4AEE-B85B-D375EACFA582}.Release|ARM.ActiveCfg = Release|iPhone
		{159E139C-BD09-4AEE-B85B-D375EACFA582}.Release|ARM.Build.0 = Release|iPhone
		{159E139C-BD09-4AEE-B85B-D375EACFA582}.Release|ARM.Deploy.0 = Release|iPhone
		{159E139C-BD09-4AEE-B85B-D375EACFA582}.Release|iPhone.ActiveCfg = Release|iPhone
		{159E139C-BD09-4AEE-B85B-D375EACFA582}.Release|iPhone.Build.0 = Release|iPhone
		{159E139C-BD09-4AEE-B85B-D375EACFA582}.Release|iPhone.Deploy.0 = Release|iPhone
		{159E139C-BD09-4AEE-B85B-D375EACFA582}.Release|iPhoneSimulator.ActiveCfg = Release|iPhoneSimulator
		{159E139C-BD09-4AEE-B85B-D375EACFA582}.Release|iPhoneSimulator.Build.0 = Release|iPhoneSimulator
		{159E139C-BD09-4AEE-B85B-D375EACFA582}.Release|iPhoneSimulator.Deploy.0 = Release|iPhoneSimulator
		{159E139C-BD09-4AEE-B85B-D375EACFA582}.Release|x64.ActiveCfg = Release|iPhone
		{159E139C-BD09-4AEE-B85B-D375EACFA582}.Release|x64.Build.0 = Release|iPhone
		{159E139C-BD09-4AEE-B85B-D375EACFA582}.Release|x64.Deploy.0 = Release|iPhone
		{159E139C-BD09-4AEE-B85B-D375EACFA582}.Release|x86.ActiveCfg = Release|iPhone
		{159E139C-BD09-4AEE-B85B-D375EACFA582}.Release|x86.Build.0 = Release|iPhone
		{159E139C-BD09-4AEE-B85B-D375EACFA582}.Release|x86.Deploy.0 = Release|iPhone
		{FF15C40D-B80A-4542-9679-0E66EE5301CE}.Ad-Hoc|Any CPU.ActiveCfg = Release|x86
		{FF15C40D-B80A-4542-9679-0E66EE5301CE}.Ad-Hoc|Any CPU.Build.0 = Release|x86
		{FF15C40D-B80A-4542-9679-0E66EE5301CE}.Ad-Hoc|Any CPU.Deploy.0 = Release|x86
		{FF15C40D-B80A-4542-9679-0E66EE5301CE}.Ad-Hoc|ARM.ActiveCfg = Release|ARM
		{FF15C40D-B80A-4542-9679-0E66EE5301CE}.Ad-Hoc|ARM.Build.0 = Release|ARM
		{FF15C40D-B80A-4542-9679-0E66EE5301CE}.Ad-Hoc|ARM.Deploy.0 = Release|ARM
		{FF15C40D-B80A-4542-9679-0E66EE5301CE}.Ad-Hoc|iPhone.ActiveCfg = Release|x86
		{FF15C40D-B80A-4542-9679-0E66EE5301CE}.Ad-Hoc|iPhone.Build.0 = Release|x86
		{FF15C40D-B80A-4542-9679-0E66EE5301CE}.Ad-Hoc|iPhone.Deploy.0 = Release|x86
		{FF15C40D-B80A-4542-9679-0E66EE5301CE}.Ad-Hoc|iPhoneSimulator.ActiveCfg = Release|x86
		{FF15C40D-B80A-4542-9679-0E66EE5301CE}.Ad-Hoc|iPhoneSimulator.Build.0 = Release|x86
		{FF15C40D-B80A-4542-9679-0E66EE5301CE}.Ad-Hoc|iPhoneSimulator.Deploy.0 = Release|x86
		{FF15C40D-B80A-4542-9679-0E66EE5301CE}.Ad-Hoc|x64.ActiveCfg = Release|x64
		{FF15C40D-B80A-4542-9679-0E66EE5301CE}.Ad-Hoc|x64.Build.0 = Release|x64
		{FF15C40D-B80A-4542-9679-0E66EE5301CE}.Ad-Hoc|x64.Deploy.0 = Release|x64
		{FF15C40D-B80A-4542-9679-0E66EE5301CE}.Ad-Hoc|x86.ActiveCfg = Release|x86
		{FF15C40D-B80A-4542-9679-0E66EE5301CE}.Ad-Hoc|x86.Build.0 = Release|x86
		{FF15C40D-B80A-4542-9679-0E66EE5301CE}.Ad-Hoc|x86.Deploy.0 = Release|x86
		{FF15C40D-B80A-4542-9679-0E66EE5301CE}.AppStore|Any CPU.ActiveCfg = Release|x86
		{FF15C40D-B80A-4542-9679-0E66EE5301CE}.AppStore|Any CPU.Build.0 = Release|x86
		{FF15C40D-B80A-4542-9679-0E66EE5301CE}.AppStore|Any CPU.Deploy.0 = Release|x86
		{FF15C40D-B80A-4542-9679-0E66EE5301CE}.AppStore|ARM.ActiveCfg = Release|ARM
		{FF15C40D-B80A-4542-9679-0E66EE5301CE}.AppStore|ARM.Build.0 = Release|ARM
		{FF15C40D-B80A-4542-9679-0E66EE5301CE}.AppStore|ARM.Deploy.0 = Release|ARM
		{FF15C40D-B80A-4542-9679-0E66EE5301CE}.AppStore|iPhone.ActiveCfg = Release|x86
		{FF15C40D-B80A-4542-9679-0E66EE5301CE}.AppStore|iPhone.Build.0 = Release|x86
		{FF15C40D-B80A-4542-9679-0E66EE5301CE}.AppStore|iPhone.Deploy.0 = Release|x86
		{FF15C40D-B80A-4542-9679-0E66EE5301CE}.AppStore|iPhoneSimulator.ActiveCfg = Release|x86
		{FF15C40D-B80A-4542-9679-0E66EE5301CE}.AppStore|iPhoneSimulator.Build.0 = Release|x86
		{FF15C40D-B80A-4542-9679-0E66EE5301CE}.AppStore|iPhoneSimulator.Deploy.0 = Release|x86
		{FF15C40D-B80A-4542-9679-0E66EE5301CE}.AppStore|x64.ActiveCfg = Release|x64
		{FF15C40D-B80A-4542-9679-0E66EE5301CE}.AppStore|x64.Build.0 = Release|x64
		{FF15C40D-B80A-4542-9679-0E66EE5301CE}.AppStore|x64.Deploy.0 = Release|x64
		{FF15C40D-B80A-4542-9679-0E66EE5301CE}.AppStore|x86.ActiveCfg = Release|x86
		{FF15C40D-B80A-4542-9679-0E66EE5301CE}.AppStore|x86.Build.0 = Release|x86
		{FF15C40D-B80A-4542-9679-0E66EE5301CE}.AppStore|x86.Deploy.0 = Release|x86
		{FF15C40D-B80A-4542-9679-0E66EE5301CE}.Debug|Any CPU.ActiveCfg = Debug|x86
		{FF15C40D-B80A-4542-9679-0E66EE5301CE}.Debug|Any CPU.Build.0 = Debug|x86
		{FF15C40D-B80A-4542-9679-0E66EE5301CE}.Debug|Any CPU.Deploy.0 = Debug|x86
		{FF15C40D-B80A-4542-9679-0E66EE5301CE}.Debug|ARM.ActiveCfg = Debug|ARM
		{FF15C40D-B80A-4542-9679-0E66EE5301CE}.Debug|ARM.Build.0 = Debug|ARM
		{FF15C40D-B80A-4542-9679-0E66EE5301CE}.Debug|ARM.Deploy.0 = Debug|ARM
		{FF15C40D-B80A-4542-9679-0E66EE5301CE}.Debug|iPhone.ActiveCfg = Debug|x86
		{FF15C40D-B80A-4542-9679-0E66EE5301CE}.Debug|iPhone.Build.0 = Debug|x86
		{FF15C40D-B80A-4542-9679-0E66EE5301CE}.Debug|iPhone.Deploy.0 = Debug|x86
		{FF15C40D-B80A-4542-9679-0E66EE5301CE}.Debug|iPhoneSimulator.ActiveCfg = Debug|x86
		{FF15C40D-B80A-4542-9679-0E66EE5301CE}.Debug|iPhoneSimulator.Build.0 = Debug|x86
		{FF15C40D-B80A-4542-9679-0E66EE5301CE}.Debug|iPhoneSimulator.Deploy.0 = Debug|x86
		{FF15C40D-B80A-4542-9679-0E66EE5301CE}.Debug|x64.ActiveCfg = Debug|x64
		{FF15C40D-B80A-4542-9679-0E66EE5301CE}.Debug|x64.Build.0 = Debug|x64
		{FF15C40D-B80A-4542-9679-0E66EE5301CE}.Debug|x64.Deploy.0 = Debug|x64
		{FF15C40D-B80A-4542-9679-0E66EE5301CE}.Debug|x86.ActiveCfg = Debug|x86
		{FF15C40D-B80A-4542-9679-0E66EE5301CE}.Debug|x86.Build.0 = Debug|x86
		{FF15C40D-B80A-4542-9679-0E66EE5301CE}.Debug|x86.Deploy.0 = Debug|x86
		{FF15C40D-B80A-4542-9679-0E66EE5301CE}.Release|Any CPU.ActiveCfg = Release|x86
		{FF15C40D-B80A-4542-9679-0E66EE5301CE}.Release|Any CPU.Build.0 = Release|x86
		{FF15C40D-B80A-4542-9679-0E66EE5301CE}.Release|Any CPU.Deploy.0 = Release|x86
		{FF15C40D-B80A-4542-9679-0E66EE5301CE}.Release|ARM.ActiveCfg = Release|ARM
		{FF15C40D-B80A-4542-9679-0E66EE5301CE}.Release|ARM.Build.0 = Release|ARM
		{FF15C40D-B80A-4542-9679-0E66EE5301CE}.Release|ARM.Deploy.0 = Release|ARM
		{FF15C40D-B80A-4542-9679-0E66EE5301CE}.Release|iPhone.ActiveCfg = Release|x86
		{FF15C40D-B80A-4542-9679-0E66EE5301CE}.Release|iPhone.Build.0 = Release|x86
		{FF15C40D-B80A-4542-9679-0E66EE5301CE}.Release|iPhone.Deploy.0 = Release|x86
		{FF15C40D-B80A-4542-9679-0E66EE5301CE}.Release|iPhoneSimulator.ActiveCfg = Release|x86
		{FF15C40D-B80A-4542-9679-0E66EE5301CE}.Release|iPhoneSimulator.Build.0 = Release|x86
		{FF15C40D-B80A-4542-9679-0E66EE5301CE}.Release|iPhoneSimulator.Deploy.0 = Release|x86
		{FF15C40D-B80A-4542-9679-0E66EE5301CE}.Release|x64.ActiveCfg = Release|x64
		{FF15C40D-B80A-4542-9679-0E66EE5301CE}.Release|x64.Build.0 = Release|x64
		{FF15C40D-B80A-4542-9679-0E66EE5301CE}.Release|x64.Deploy.0 = Release|x64
		{FF15C40D-B80A-4542-9679-0E66EE5301CE}.Release|x86.ActiveCfg = Release|x86
		{FF15C40D-B80A-4542-9679-0E66EE5301CE}.Release|x86.Build.0 = Release|x86
		{FF15C40D-B80A-4542-9679-0E66EE5301CE}.Release|x86.Deploy.0 = Release|x86
		{0AA62B9C-D923-46DD-8E29-FA6D05BF5ABE}.Ad-Hoc|Any CPU.ActiveCfg = Debug|Any CPU
		{0AA62B9C-D923-46DD-8E29-FA6D05BF5ABE}.Ad-Hoc|Any CPU.Build.0 = Debug|Any CPU
		{0AA62B9C-D923-46DD-8E29-FA6D05BF5ABE}.Ad-Hoc|Any CPU.Deploy.0 = Debug|Any CPU
		{0AA62B9C-D923-46DD-8E29-FA6D05BF5ABE}.Ad-Hoc|ARM.ActiveCfg = Debug|Any CPU
		{0AA62B9C-D923-46DD-8E29-FA6D05BF5ABE}.Ad-Hoc|ARM.Build.0 = Debug|Any CPU
		{0AA62B9C-D923-46DD-8E29-FA6D05BF5ABE}.Ad-Hoc|ARM.Deploy.0 = Debug|Any CPU
		{0AA62B9C-D923-46DD-8E29-FA6D05BF5ABE}.Ad-Hoc|iPhone.ActiveCfg = Debug|Any CPU
		{0AA62B9C-D923-46DD-8E29-FA6D05BF5ABE}.Ad-Hoc|iPhone.Build.0 = Debug|Any CPU
		{0AA62B9C-D923-46DD-8E29-FA6D05BF5ABE}.Ad-Hoc|iPhone.Deploy.0 = Debug|Any CPU
		{0AA62B9C-D923-46DD-8E29-FA6D05BF5ABE}.Ad-Hoc|iPhoneSimulator.ActiveCfg = Debug|Any CPU
		{0AA62B9C-D923-46DD-8E29-FA6D05BF5ABE}.Ad-Hoc|iPhoneSimulator.Build.0 = Debug|Any CPU
		{0AA62B9C-D923-46DD-8E29-FA6D05BF5ABE}.Ad-Hoc|iPhoneSimulator.Deploy.0 = Debug|Any CPU
		{0AA62B9C-D923-46DD-8E29-FA6D05BF5ABE}.Ad-Hoc|x64.ActiveCfg = Debug|Any CPU
		{0AA62B9C-D923-46DD-8E29-FA6D05BF5ABE}.Ad-Hoc|x64.Build.0 = Debug|Any CPU
		{0AA62B9C-D923-46DD-8E29-FA6D05BF5ABE}.Ad-Hoc|x64.Deploy.0 = Debug|Any CPU
		{0AA62B9C-D923-46DD-8E29-FA6D05BF5ABE}.Ad-Hoc|x86.ActiveCfg = Debug|Any CPU
		{0AA62B9C-D923-46DD-8E29-FA6D05BF5ABE}.Ad-Hoc|x86.Build.0 = Debug|Any CPU
		{0AA62B9C-D923-46DD-8E29-FA6D05BF5ABE}.Ad-Hoc|x86.Deploy.0 = Debug|Any CPU
		{0AA62B9C-D923-46DD-8E29-FA6D05BF5ABE}.AppStore|Any CPU.ActiveCfg = Debug|Any CPU
		{0AA62B9C-D923-46DD-8E29-FA6D05BF5ABE}.AppStore|Any CPU.Build.0 = Debug|Any CPU
		{0AA62B9C-D923-46DD-8E29-FA6D05BF5ABE}.AppStore|Any CPU.Deploy.0 = Debug|Any CPU
		{0AA62B9C-D923-46DD-8E29-FA6D05BF5ABE}.AppStore|ARM.ActiveCfg = Debug|Any CPU
		{0AA62B9C-D923-46DD-8E29-FA6D05BF5ABE}.AppStore|ARM.Build.0 = Debug|Any CPU
		{0AA62B9C-D923-46DD-8E29-FA6D05BF5ABE}.AppStore|ARM.Deploy.0 = Debug|Any CPU
		{0AA62B9C-D923-46DD-8E29-FA6D05BF5ABE}.AppStore|iPhone.ActiveCfg = Debug|Any CPU
		{0AA62B9C-D923-46DD-8E29-FA6D05BF5ABE}.AppStore|iPhone.Build.0 = Debug|Any CPU
		{0AA62B9C-D923-46DD-8E29-FA6D05BF5ABE}.AppStore|iPhone.Deploy.0 = Debug|Any CPU
		{0AA62B9C-D923-46DD-8E29-FA6D05BF5ABE}.AppStore|iPhoneSimulator.ActiveCfg = Debug|Any CPU
		{0AA62B9C-D923-46DD-8E29-FA6D05BF5ABE}.AppStore|iPhoneSimulator.Build.0 = Debug|Any CPU
		{0AA62B9C-D923-46DD-8E29-FA6D05BF5ABE}.AppStore|iPhoneSimulator.Deploy.0 = Debug|Any CPU
		{0AA62B9C-D923-46DD-8E29-FA6D05BF5ABE}.AppStore|x64.ActiveCfg = Debug|Any CPU
		{0AA62B9C-D923-46DD-8E29-FA6D05BF5ABE}.AppStore|x64.Build.0 = Debug|Any CPU
		{0AA62B9C-D923-46DD-8E29-FA6D05BF5ABE}.AppStore|x64.Deploy.0 = Debug|Any CPU
		{0AA62B9C-D923-46DD-8E29-FA6D05BF5ABE}.AppStore|x86.ActiveCfg = Debug|Any CPU
		{0AA62B9C-D923-46DD-8E29-FA6D05BF5ABE}.AppStore|x86.Build.0 = Debug|Any CPU
		{0AA62B9C-D923-46DD-8E29-FA6D05BF5ABE}.AppStore|x86.Deploy.0 = Debug|Any CPU
		{0AA62B9C-D923-46DD-8E29-FA6D05BF5ABE}.Debug|Any CPU.ActiveCfg = Debug|Any CPU
		{0AA62B9C-D923-46DD-8E29-FA6D05BF5ABE}.Debug|Any CPU.Build.0 = Debug|Any CPU
		{0AA62B9C-D923-46DD-8E29-FA6D05BF5ABE}.Debug|Any CPU.Deploy.0 = Debug|Any CPU
		{0AA62B9C-D923-46DD-8E29-FA6D05BF5ABE}.Debug|ARM.ActiveCfg = Debug|Any CPU
		{0AA62B9C-D923-46DD-8E29-FA6D05BF5ABE}.Debug|ARM.Build.0 = Debug|Any CPU
		{0AA62B9C-D923-46DD-8E29-FA6D05BF5ABE}.Debug|ARM.Deploy.0 = Debug|Any CPU
		{0AA62B9C-D923-46DD-8E29-FA6D05BF5ABE}.Debug|iPhone.ActiveCfg = Debug|Any CPU
		{0AA62B9C-D923-46DD-8E29-FA6D05BF5ABE}.Debug|iPhone.Build.0 = Debug|Any CPU
		{0AA62B9C-D923-46DD-8E29-FA6D05BF5ABE}.Debug|iPhone.Deploy.0 = Debug|Any CPU
		{0AA62B9C-D923-46DD-8E29-FA6D05BF5ABE}.Debug|iPhoneSimulator.ActiveCfg = Debug|Any CPU
		{0AA62B9C-D923-46DD-8E29-FA6D05BF5ABE}.Debug|iPhoneSimulator.Build.0 = Debug|Any CPU
		{0AA62B9C-D923-46DD-8E29-FA6D05BF5ABE}.Debug|iPhoneSimulator.Deploy.0 = Debug|Any CPU
		{0AA62B9C-D923-46DD-8E29-FA6D05BF5ABE}.Debug|x64.ActiveCfg = Debug|Any CPU
		{0AA62B9C-D923-46DD-8E29-FA6D05BF5ABE}.Debug|x64.Build.0 = Debug|Any CPU
		{0AA62B9C-D923-46DD-8E29-FA6D05BF5ABE}.Debug|x64.Deploy.0 = Debug|Any CPU
		{0AA62B9C-D923-46DD-8E29-FA6D05BF5ABE}.Debug|x86.ActiveCfg = Debug|Any CPU
		{0AA62B9C-D923-46DD-8E29-FA6D05BF5ABE}.Debug|x86.Build.0 = Debug|Any CPU
		{0AA62B9C-D923-46DD-8E29-FA6D05BF5ABE}.Debug|x86.Deploy.0 = Debug|Any CPU
		{0AA62B9C-D923-46DD-8E29-FA6D05BF5ABE}.Release|Any CPU.ActiveCfg = Release|Any CPU
		{0AA62B9C-D923-46DD-8E29-FA6D05BF5ABE}.Release|Any CPU.Build.0 = Release|Any CPU
		{0AA62B9C-D923-46DD-8E29-FA6D05BF5ABE}.Release|Any CPU.Deploy.0 = Release|Any CPU
		{0AA62B9C-D923-46DD-8E29-FA6D05BF5ABE}.Release|ARM.ActiveCfg = Release|Any CPU
		{0AA62B9C-D923-46DD-8E29-FA6D05BF5ABE}.Release|ARM.Build.0 = Release|Any CPU
		{0AA62B9C-D923-46DD-8E29-FA6D05BF5ABE}.Release|ARM.Deploy.0 = Release|Any CPU
		{0AA62B9C-D923-46DD-8E29-FA6D05BF5ABE}.Release|iPhone.ActiveCfg = Release|Any CPU
		{0AA62B9C-D923-46DD-8E29-FA6D05BF5ABE}.Release|iPhone.Build.0 = Release|Any CPU
		{0AA62B9C-D923-46DD-8E29-FA6D05BF5ABE}.Release|iPhone.Deploy.0 = Release|Any CPU
		{0AA62B9C-D923-46DD-8E29-FA6D05BF5ABE}.Release|iPhoneSimulator.ActiveCfg = Release|Any CPU
		{0AA62B9C-D923-46DD-8E29-FA6D05BF5ABE}.Release|iPhoneSimulator.Build.0 = Release|Any CPU
		{0AA62B9C-D923-46DD-8E29-FA6D05BF5ABE}.Release|iPhoneSimulator.Deploy.0 = Release|Any CPU
		{0AA62B9C-D923-46DD-8E29-FA6D05BF5ABE}.Release|x64.ActiveCfg = Release|Any CPU
		{0AA62B9C-D923-46DD-8E29-FA6D05BF5ABE}.Release|x64.Build.0 = Release|Any CPU
		{0AA62B9C-D923-46DD-8E29-FA6D05BF5ABE}.Release|x64.Deploy.0 = Release|Any CPU
		{0AA62B9C-D923-46DD-8E29-FA6D05BF5ABE}.Release|x86.ActiveCfg = Release|Any CPU
		{0AA62B9C-D923-46DD-8E29-FA6D05BF5ABE}.Release|x86.Build.0 = Release|Any CPU
		{0AA62B9C-D923-46DD-8E29-FA6D05BF5ABE}.Release|x86.Deploy.0 = Release|Any CPU
	EndGlobalSection
	GlobalSection(SolutionProperties) = preSolution
		HideSolutionNode = FALSE
	EndGlobalSection
	GlobalSection(ExtensibilityGlobals) = postSolution
		SolutionGuid = {BCE2ACB2-D729-4E07-967F-FF01850CE218}
	EndGlobalSection
EndGlobal
